
Microsoft Visual Studio Solution File, Format Version 12.00
# Visual Studio Version 16
VisualStudioVersion = 16.0.31613.86
MinimumVisualStudioVersion = 10.0.40219.1
Project("{FAE04EC0-301F-11D3-BF4B-00C04F79EFBC}") = "HelloWorld1", "HelloWorld1\HelloWorld1.csproj", "{B5D16AF8-15E2-4B88-AAE3-7554084AB294}"
EndProject
Global
	GlobalSection(SolutionConfigurationPlatforms) = preSolution
		Debug|Any CPU = Debug|Any CPU
		Release|Any CPU = Release|Any CPU
	EndGlobalSection
	GlobalSection(ProjectConfigurationPlatforms) = postSolution
		{B5D16AF8-15E2-4B88-AAE3-7554084AB294}.Debug|Any CPU.ActiveCfg = Debug|Any CPU
		{B5D16AF8-15E2-4B88-AAE3-7554084AB294}.Debug|Any CPU.Build.0 = Debug|Any CPU
		{B5D16AF8-15E2-4B88-AAE3-7554084AB294}.Release|Any CPU.ActiveCfg = Release|Any CPU
		{B5D16AF8-15E2-4B88-AAE3-7554084AB294}.Release|Any CPU.Build.0 = Release|Any CPU
	EndGlobalSection
	GlobalSection(SolutionProperties) = preSolution
		HideSolutionNode = FALSE
	EndGlobalSection
	GlobalSection(ExtensibilityGlobals) = postSolution
		SolutionGuid = {34A20787-2B0F-4C8F-A468-142842B13EF0}
	EndGlobalSection
EndGlobal
